
Microsoft Visual Studio Solution File, Format Version 12.00
# Visual Studio Version 17
VisualStudioVersion = 17.9.34701.34
MinimumVisualStudioVersion = 10.0.40219.1
Project("{9A19103F-16F7-4668-BE54-9A1E7A4F7556}") = "PetShop", "PetShop.csproj", "{5CA9B75F-9613-4596-A295-B0078CB67D58}"
EndProject
Global
	GlobalSection(SolutionConfigurationPlatforms) = preSolution
		Debug|Any CPU = Debug|Any CPU
		Release|Any CPU = Release|Any CPU
	EndGlobalSection
	GlobalSection(ProjectConfigurationPlatforms) = postSolution
		{5CA9B75F-9613-4596-A295-B0078CB67D58}.Debug|Any CPU.ActiveCfg = Debug|Any CPU
		{5CA9B75F-9613-4596-A295-B0078CB67D58}.Debug|Any CPU.Build.0 = Debug|Any CPU
		{5CA9B75F-9613-4596-A295-B0078CB67D58}.Release|Any CPU.ActiveCfg = Release|Any CPU
		{5CA9B75F-9613-4596-A295-B0078CB67D58}.Release|Any CPU.Build.0 = Release|Any CPU
	EndGlobalSection
	GlobalSection(SolutionProperties) = preSolution
		HideSolutionNode = FALSE
	EndGlobalSection
	GlobalSection(ExtensibilityGlobals) = postSolution
		SolutionGuid = {FFD86F22-1869-4930-810F-02356674E14A}
	EndGlobalSection
EndGlobal
